
Microsoft Visual Studio Solution File, Format Version 12.00
# Visual Studio Version 17
VisualStudioVersion = 17.4.33122.133
MinimumVisualStudioVersion = 10.0.40219.1
Project("{2150E333-8FDC-42A3-9474-1A3956D46DE8}") = "src", "src", "{FC242436-1E87-4D2E-B46A-76186A8E65D1}"
EndProject
Project("{2150E333-8FDC-42A3-9474-1A3956D46DE8}") = "API", "API", "{C8DF503D-E99D-4CB9-95DC-442112CD8556}"
EndProject
Project("{2150E333-8FDC-42A3-9474-1A3956D46DE8}") = "Core", "Core", "{3C735E1D-E19D-422A-9DAF-CC13158D0476}"
EndProject
Project("{2150E333-8FDC-42A3-9474-1A3956D46DE8}") = "Infrastructure", "Infrastructure", "{BEFB4743-CE1F-43D6-A520-EB5C0F447385}"
EndProject
Project("{2150E333-8FDC-42A3-9474-1A3956D46DE8}") = "UI", "UI", "{09C4495C-6270-46AF-8FFF-355BD6DC31CB}"
EndProject
Project("{9A19103F-16F7-4668-BE54-9A1E7A4F7556}") = "BMS.Application", "BMS.Application\BMS.Application.csproj", "{3D7AEC65-81CA-45D7-BA21-5747629A2061}"
EndProject
Project("{9A19103F-16F7-4668-BE54-9A1E7A4F7556}") = "BMS.Domain", "BMS.Domain\BMS.Domain.csproj", "{6DCBE637-C354-4DD3-8804-31E57416B98F}"
EndProject
Project("{9A19103F-16F7-4668-BE54-9A1E7A4F7556}") = "BMS.Persistence", "BMS.Persistence\BMS.Persistence.csproj", "{64A74306-53C8-4B57-AB2C-87EEC8CEFB6E}"
EndProject
Project("{9A19103F-16F7-4668-BE54-9A1E7A4F7556}") = "BMS.API", "BMS.API\BMS.API.csproj", "{4EF12D06-FCC7-4F30-959E-9F7BEAC215EA}"
EndProject
Project("{FAE04EC0-301F-11D3-BF4B-00C04F79EFBC}") = "BMS.Common", "BMS.Common\BMS.Common.csproj", "{2CE3A8A8-C4DA-4532-B3DC-150410AD5918}"
EndProject
Global
	GlobalSection(SolutionConfigurationPlatforms) = preSolution
		Debug|Any CPU = Debug|Any CPU
		Release|Any CPU = Release|Any CPU
	EndGlobalSection
	GlobalSection(ProjectConfigurationPlatforms) = postSolution
		{3D7AEC65-81CA-45D7-BA21-5747629A2061}.Debug|Any CPU.ActiveCfg = Debug|Any CPU
		{3D7AEC65-81CA-45D7-BA21-5747629A2061}.Debug|Any CPU.Build.0 = Debug|Any CPU
		{3D7AEC65-81CA-45D7-BA21-5747629A2061}.Release|Any CPU.ActiveCfg = Release|Any CPU
		{3D7AEC65-81CA-45D7-BA21-5747629A2061}.Release|Any CPU.Build.0 = Release|Any CPU
		{6DCBE637-C354-4DD3-8804-31E57416B98F}.Debug|Any CPU.ActiveCfg = Debug|Any CPU
		{6DCBE637-C354-4DD3-8804-31E57416B98F}.Debug|Any CPU.Build.0 = Debug|Any CPU
		{6DCBE637-C354-4DD3-8804-31E57416B98F}.Release|Any CPU.ActiveCfg = Release|Any CPU
		{6DCBE637-C354-4DD3-8804-31E57416B98F}.Release|Any CPU.Build.0 = Release|Any CPU
		{64A74306-53C8-4B57-AB2C-87EEC8CEFB6E}.Debug|Any CPU.ActiveCfg = Debug|Any CPU
		{64A74306-53C8-4B57-AB2C-87EEC8CEFB6E}.Debug|Any CPU.Build.0 = Debug|Any CPU
		{64A74306-53C8-4B57-AB2C-87EEC8CEFB6E}.Release|Any CPU.ActiveCfg = Release|Any CPU
		{64A74306-53C8-4B57-AB2C-87EEC8CEFB6E}.Release|Any CPU.Build.0 = Release|Any CPU
		{4EF12D06-FCC7-4F30-959E-9F7BEAC215EA}.Debug|Any CPU.ActiveCfg = Debug|Any CPU
		{4EF12D06-FCC7-4F30-959E-9F7BEAC215EA}.Debug|Any CPU.Build.0 = Debug|Any CPU
		{4EF12D06-FCC7-4F30-959E-9F7BEAC215EA}.Release|Any CPU.ActiveCfg = Release|Any CPU
		{4EF12D06-FCC7-4F30-959E-9F7BEAC215EA}.Release|Any CPU.Build.0 = Release|Any CPU
		{2CE3A8A8-C4DA-4532-B3DC-150410AD5918}.Debug|Any CPU.ActiveCfg = Debug|Any CPU
		{2CE3A8A8-C4DA-4532-B3DC-150410AD5918}.Debug|Any CPU.Build.0 = Debug|Any CPU
		{2CE3A8A8-C4DA-4532-B3DC-150410AD5918}.Release|Any CPU.ActiveCfg = Release|Any CPU
		{2CE3A8A8-C4DA-4532-B3DC-150410AD5918}.Release|Any CPU.Build.0 = Release|Any CPU
	EndGlobalSection
	GlobalSection(SolutionProperties) = preSolution
		HideSolutionNode = FALSE
	EndGlobalSection
	GlobalSection(NestedProjects) = preSolution
		{C8DF503D-E99D-4CB9-95DC-442112CD8556} = {FC242436-1E87-4D2E-B46A-76186A8E65D1}
		{3C735E1D-E19D-422A-9DAF-CC13158D0476} = {FC242436-1E87-4D2E-B46A-76186A8E65D1}
		{BEFB4743-CE1F-43D6-A520-EB5C0F447385} = {FC242436-1E87-4D2E-B46A-76186A8E65D1}
		{09C4495C-6270-46AF-8FFF-355BD6DC31CB} = {FC242436-1E87-4D2E-B46A-76186A8E65D1}
		{3D7AEC65-81CA-45D7-BA21-5747629A2061} = {3C735E1D-E19D-422A-9DAF-CC13158D0476}
		{6DCBE637-C354-4DD3-8804-31E57416B98F} = {3C735E1D-E19D-422A-9DAF-CC13158D0476}
		{64A74306-53C8-4B57-AB2C-87EEC8CEFB6E} = {BEFB4743-CE1F-43D6-A520-EB5C0F447385}
		{4EF12D06-FCC7-4F30-959E-9F7BEAC215EA} = {C8DF503D-E99D-4CB9-95DC-442112CD8556}
		{2CE3A8A8-C4DA-4532-B3DC-150410AD5918} = {3C735E1D-E19D-422A-9DAF-CC13158D0476}
	EndGlobalSection
	GlobalSection(ExtensibilityGlobals) = postSolution
		SolutionGuid = {1D8232B1-50CE-4E4C-8A1B-AE9030935C9F}
	EndGlobalSection
EndGlobal
